
Microsoft Visual Studio Solution File, Format Version 12.00
# Visual Studio Version 17
VisualStudioVersion = 17.11.35219.272
MinimumVisualStudioVersion = 10.0.40219.1
Project("{FAE04EC0-301F-11D3-BF4B-00C04F79EFBC}") = "ToDoListService", "ToDoListService\ToDoListService.csproj", "{5182BEEE-71BE-4F1C-A1FF-22AC066E6811}"
EndProject
Global
	GlobalSection(SolutionConfigurationPlatforms) = preSolution
		Debug|Any CPU = Debug|Any CPU
		Release|Any CPU = Release|Any CPU
	EndGlobalSection
	GlobalSection(ProjectConfigurationPlatforms) = postSolution
		{5182BEEE-71BE-4F1C-A1FF-22AC066E6811}.Debug|Any CPU.ActiveCfg = Debug|Any CPU
		{5182BEEE-71BE-4F1C-A1FF-22AC066E6811}.Debug|Any CPU.Build.0 = Debug|Any CPU
		{5182BEEE-71BE-4F1C-A1FF-22AC066E6811}.Release|Any CPU.ActiveCfg = Release|Any CPU
		{5182BEEE-71BE-4F1C-A1FF-22AC066E6811}.Release|Any CPU.Build.0 = Release|Any CPU
	EndGlobalSection
	GlobalSection(SolutionProperties) = preSolution
		HideSolutionNode = FALSE
	EndGlobalSection
	GlobalSection(ExtensibilityGlobals) = postSolution
		SolutionGuid = {90889E4D-7DB8-494B-B842-4A8CA75143BA}
	EndGlobalSection
EndGlobal
